// !$*UTF8*$!
{
	archiveVersion = 1;
	classes = {
	};
	objectVersion = 46;
	objects = {

/* Begin PBXBuildFile section */
		8517259919DA564600F2A2B4 /* ABFriendsViewController.m in Sources */ = {isa = PBXBuildFile; fileRef = 8517259819DA564600F2A2B4 /* ABFriendsViewController.m */; };
		8525C2FE19E3441A0011639A /* ABCameraViewController.m in Sources */ = {isa = PBXBuildFile; fileRef = 8525C2FD19E3441A0011639A /* ABCameraViewController.m */; };
		85ABE93F19D7B3A9004DBA29 /* ABEditFriendsTableViewController.m in Sources */ = {isa = PBXBuildFile; fileRef = 85ABE93E19D7B3A9004DBA29 /* ABEditFriendsTableViewController.m */; };
		85CE376519E4E9FE0044E5EC /* ABImageViewController.m in Sources */ = {isa = PBXBuildFile; fileRef = 85CE376419E4E9FE0044E5EC /* ABImageViewController.m */; };
		85CE376719E524AA0044E5EC /* MediaPlayer.framework in Frameworks */ = {isa = PBXBuildFile; fileRef = 85CE376619E524AA0044E5EC /* MediaPlayer.framework */; };
		85E90BAE19C8F249008F39C0 /* Foundation.framework in Frameworks */ = {isa = PBXBuildFile; fileRef = 85E90BAD19C8F249008F39C0 /* Foundation.framework */; };
		85E90BB019C8F249008F39C0 /* CoreGraphics.framework in Frameworks */ = {isa = PBXBuildFile; fileRef = 85E90BAF19C8F249008F39C0 /* CoreGraphics.framework */; };
		85E90BB219C8F249008F39C0 /* UIKit.framework in Frameworks */ = {isa = PBXBuildFile; fileRef = 85E90BB119C8F249008F39C0 /* UIKit.framework */; };
		85E90BB819C8F249008F39C0 /* InfoPlist.strings in Resources */ = {isa = PBXBuildFile; fileRef = 85E90BB619C8F249008F39C0 /* InfoPlist.strings */; };
		85E90BBA19C8F249008F39C0 /* main.m in Sources */ = {isa = PBXBuildFile; fileRef = 85E90BB919C8F249008F39C0 /* main.m */; };
		85E90BBE19C8F249008F39C0 /* ABAppDelegate.m in Sources */ = {isa = PBXBuildFile; fileRef = 85E90BBD19C8F249008F39C0 /* ABAppDelegate.m */; };
		85E90BC019C8F249008F39C0 /* Images.xcassets in Resources */ = {isa = PBXBuildFile; fileRef = 85E90BBF19C8F249008F39C0 /* Images.xcassets */; };
		85E90BC719C8F249008F39C0 /* XCTest.framework in Frameworks */ = {isa = PBXBuildFile; fileRef = 85E90BC619C8F249008F39C0 /* XCTest.framework */; };
		85E90BC819C8F249008F39C0 /* Foundation.framework in Frameworks */ = {isa = PBXBuildFile; fileRef = 85E90BAD19C8F249008F39C0 /* Foundation.framework */; };
		85E90BC919C8F249008F39C0 /* UIKit.framework in Frameworks */ = {isa = PBXBuildFile; fileRef = 85E90BB119C8F249008F39C0 /* UIKit.framework */; };
		85E90BD119C8F249008F39C0 /* InfoPlist.strings in Resources */ = {isa = PBXBuildFile; fileRef = 85E90BCF19C8F249008F39C0 /* InfoPlist.strings */; };
		85E90BD319C8F249008F39C0 /* RibbitTests.m in Sources */ = {isa = PBXBuildFile; fileRef = 85E90BD219C8F249008F39C0 /* RibbitTests.m */; };
		85E90BDD19C8F27F008F39C0 /* MainStoryboard.storyboard in Resources */ = {isa = PBXBuildFile; fileRef = 85E90BDC19C8F27F008F39C0 /* MainStoryboard.storyboard */; };
		85E90BE419C94F2C008F39C0 /* camera.png in Resources */ = {isa = PBXBuildFile; fileRef = 85E90BDE19C94F2C008F39C0 /* camera.png */; };
		85E90BE519C94F2C008F39C0 /* camera@2x.png in Resources */ = {isa = PBXBuildFile; fileRef = 85E90BDF19C94F2C008F39C0 /* camera@2x.png */; };
		85E90BE619C94F2C008F39C0 /* friends.png in Resources */ = {isa = PBXBuildFile; fileRef = 85E90BE019C94F2C008F39C0 /* friends.png */; };
		85E90BE719C94F2C008F39C0 /* friends@2x.png in Resources */ = {isa = PBXBuildFile; fileRef = 85E90BE119C94F2C008F39C0 /* friends@2x.png */; };
		85E90BE819C94F2C008F39C0 /* inbox.png in Resources */ = {isa = PBXBuildFile; fileRef = 85E90BE219C94F2C008F39C0 /* inbox.png */; };
		85E90BE919C94F2C008F39C0 /* inbox@2x.png in Resources */ = {isa = PBXBuildFile; fileRef = 85E90BE319C94F2C008F39C0 /* inbox@2x.png */; };
		85E90BED19C9879B008F39C0 /* ABInboxViewController.m in Sources */ = {isa = PBXBuildFile; fileRef = 85E90BEC19C9879B008F39C0 /* ABInboxViewController.m */; };
		85E90BF219C9EB89008F39C0 /* Bolts.framework in Frameworks */ = {isa = PBXBuildFile; fileRef = 85E90BEF19C9EB89008F39C0 /* Bolts.framework */; };
		85E90BF319C9EB8A008F39C0 /* Parse.framework in Frameworks */ = {isa = PBXBuildFile; fileRef = 85E90BF019C9EB89008F39C0 /* Parse.framework */; };
		85E90BF419C9EB8A008F39C0 /* ParseFacebookUtils.framework in Frameworks */ = {isa = PBXBuildFile; fileRef = 85E90BF119C9EB89008F39C0 /* ParseFacebookUtils.framework */; };
		85E90BF619C9EC32008F39C0 /* AudioToolbox.framework in Frameworks */ = {isa = PBXBuildFile; fileRef = 85E90BF519C9EC32008F39C0 /* AudioToolbox.framework */; };
		85E90BF819C9EC3A008F39C0 /* CFNetwork.framework in Frameworks */ = {isa = PBXBuildFile; fileRef = 85E90BF719C9EC3A008F39C0 /* CFNetwork.framework */; };
		85E90BFA19C9EC4B008F39C0 /* CoreLocation.framework in Frameworks */ = {isa = PBXBuildFile; fileRef = 85E90BF919C9EC4B008F39C0 /* CoreLocation.framework */; };
		85E90BFC19C9EC56008F39C0 /* libz.dylib in Frameworks */ = {isa = PBXBuildFile; fileRef = 85E90BFB19C9EC56008F39C0 /* libz.dylib */; };
		85E90BFE19C9EC5F008F39C0 /* MobileCoreServices.framework in Frameworks */ = {isa = PBXBuildFile; fileRef = 85E90BFD19C9EC5F008F39C0 /* MobileCoreServices.framework */; };
		85E90C0019C9EC68008F39C0 /* QuartzCore.framework in Frameworks */ = {isa = PBXBuildFile; fileRef = 85E90BFF19C9EC68008F39C0 /* QuartzCore.framework */; };
		85E90C0219C9EC70008F39C0 /* Security.framework in Frameworks */ = {isa = PBXBuildFile; fileRef = 85E90C0119C9EC70008F39C0 /* Security.framework */; };
		85E90C0619C9EC8E008F39C0 /* SystemConfiguration.framework in Frameworks */ = {isa = PBXBuildFile; fileRef = 85E90C0519C9EC8E008F39C0 /* SystemConfiguration.framework */; };
		85E90C0F19C9F5E8008F39C0 /* ABLoginViewController.m in Sources */ = {isa = PBXBuildFile; fileRef = 85E90C0E19C9F5E8008F39C0 /* ABLoginViewController.m */; };
		85E90C1219C9F5F5008F39C0 /* ABSignupViewController.m in Sources */ = {isa = PBXBuildFile; fileRef = 85E90C1119C9F5F5008F39C0 /* ABSignupViewController.m */; };
/* End PBXBuildFile section */

/* Begin PBXContainerItemProxy section */
		85E90BCA19C8F249008F39C0 /* PBXContainerItemProxy */ = {
			isa = PBXContainerItemProxy;
			containerPortal = 85E90BA219C8F249008F39C0 /* Project object */;
			proxyType = 1;
			remoteGlobalIDString = 85E90BA919C8F249008F39C0;
			remoteInfo = Ribbit;
		};
/* End PBXContainerItemProxy section */

/* Begin PBXFileReference section */
		8517259719DA564600F2A2B4 /* ABFriendsViewController.h */ = {isa = PBXFileReference; fileEncoding = 4; lastKnownFileType = sourcecode.c.h; name = ABFriendsViewController.h; path = ../ABFriendsViewController.h; sourceTree = "<group>"; };
		8517259819DA564600F2A2B4 /* ABFriendsViewController.m */ = {isa = PBXFileReference; fileEncoding = 4; lastKnownFileType = sourcecode.c.objc; name = ABFriendsViewController.m; path = ../ABFriendsViewController.m; sourceTree = "<group>"; };
		8525C2FC19E3441A0011639A /* ABCameraViewController.h */ = {isa = PBXFileReference; fileEncoding = 4; lastKnownFileType = sourcecode.c.h; path = ABCameraViewController.h; sourceTree = "<group>"; };
		8525C2FD19E3441A0011639A /* ABCameraViewController.m */ = {isa = PBXFileReference; fileEncoding = 4; lastKnownFileType = sourcecode.c.objc; path = ABCameraViewController.m; sourceTree = "<group>"; };
		85ABE93D19D7B3A9004DBA29 /* ABEditFriendsTableViewController.h */ = {isa = PBXFileReference; fileEncoding = 4; lastKnownFileType = sourcecode.c.h; name = ABEditFriendsTableViewController.h; path = ../ABEditFriendsTableViewController.h; sourceTree = "<group>"; };
		85ABE93E19D7B3A9004DBA29 /* ABEditFriendsTableViewController.m */ = {isa = PBXFileReference; fileEncoding = 4; lastKnownFileType = sourcecode.c.objc; name = ABEditFriendsTableViewController.m; path = ../ABEditFriendsTableViewController.m; sourceTree = "<group>"; };
		85CE376319E4E9FE0044E5EC /* ABImageViewController.h */ = {isa = PBXFileReference; fileEncoding = 4; lastKnownFileType = sourcecode.c.h; name = ABImageViewController.h; path = ../ABImageViewController.h; sourceTree = "<group>"; };
		85CE376419E4E9FE0044E5EC /* ABImageViewController.m */ = {isa = PBXFileReference; fileEncoding = 4; lastKnownFileType = sourcecode.c.objc; name = ABImageViewController.m; path = ../ABImageViewController.m; sourceTree = "<group>"; };
		85CE376619E524AA0044E5EC /* MediaPlayer.framework */ = {isa = PBXFileReference; lastKnownFileType = wrapper.framework; name = MediaPlayer.framework; path = System/Library/Frameworks/MediaPlayer.framework; sourceTree = SDKROOT; };
		85E90BAA19C8F249008F39C0 /* Ribbit.app */ = {isa = PBXFileReference; explicitFileType = wrapper.application; includeInIndex = 0; path = Ribbit.app; sourceTree = BUILT_PRODUCTS_DIR; };
		85E90BAD19C8F249008F39C0 /* Foundation.framework */ = {isa = PBXFileReference; lastKnownFileType = wrapper.framework; name = Foundation.framework; path = System/Library/Frameworks/Foundation.framework; sourceTree = SDKROOT; };
		85E90BAF19C8F249008F39C0 /* CoreGraphics.framework */ = {isa = PBXFileReference; lastKnownFileType = wrapper.framework; name = CoreGraphics.framework; path = System/Library/Frameworks/CoreGraphics.framework; sourceTree = SDKROOT; };
		85E90BB119C8F249008F39C0 /* UIKit.framework */ = {isa = PBXFileReference; lastKnownFileType = wrapper.framework; name = UIKit.framework; path = System/Library/Frameworks/UIKit.framework; sourceTree = SDKROOT; };
		85E90BB519C8F249008F39C0 /* Ribbit-Info.plist */ = {isa = PBXFileReference; lastKnownFileType = text.plist.xml; path = "Ribbit-Info.plist"; sourceTree = "<group>"; };
		85E90BB719C8F249008F39C0 /* en */ = {isa = PBXFileReference; lastKnownFileType = text.plist.strings; name = en; path = en.lproj/InfoPlist.strings; sourceTree = "<group>"; };
		85E90BB919C8F249008F39C0 /* main.m */ = {isa = PBXFileReference; lastKnownFileType = sourcecode.c.objc; path = main.m; sourceTree = "<group>"; };
		85E90BBB19C8F249008F39C0 /* Ribbit-Prefix.pch */ = {isa = PBXFileReference; lastKnownFileType = sourcecode.c.h; path = "Ribbit-Prefix.pch"; sourceTree = "<group>"; };
		85E90BBC19C8F249008F39C0 /* ABAppDelegate.h */ = {isa = PBXFileReference; lastKnownFileType = sourcecode.c.h; path = ABAppDelegate.h; sourceTree = "<group>"; };
		85E90BBD19C8F249008F39C0 /* ABAppDelegate.m */ = {isa = PBXFileReference; lastKnownFileType = sourcecode.c.objc; path = ABAppDelegate.m; sourceTree = "<group>"; };
		85E90BBF19C8F249008F39C0 /* Images.xcassets */ = {isa = PBXFileReference; lastKnownFileType = folder.assetcatalog; path = Images.xcassets; sourceTree = "<group>"; };
		85E90BC519C8F249008F39C0 /* RibbitTests.xctest */ = {isa = PBXFileReference; explicitFileType = wrapper.cfbundle; includeInIndex = 0; path = RibbitTests.xctest; sourceTree = BUILT_PRODUCTS_DIR; };
		85E90BC619C8F249008F39C0 /* XCTest.framework */ = {isa = PBXFileReference; lastKnownFileType = wrapper.framework; name = XCTest.framework; path = Library/Frameworks/XCTest.framework; sourceTree = DEVELOPER_DIR; };
		85E90BCE19C8F249008F39C0 /* RibbitTests-Info.plist */ = {isa = PBXFileReference; lastKnownFileType = text.plist.xml; path = "RibbitTests-Info.plist"; sourceTree = "<group>"; };
		85E90BD019C8F249008F39C0 /* en */ = {isa = PBXFileReference; lastKnownFileType = text.plist.strings; name = en; path = en.lproj/InfoPlist.strings; sourceTree = "<group>"; };
		85E90BD219C8F249008F39C0 /* RibbitTests.m */ = {isa = PBXFileReference; lastKnownFileType = sourcecode.c.objc; path = RibbitTests.m; sourceTree = "<group>"; };
		85E90BDC19C8F27F008F39C0 /* MainStoryboard.storyboard */ = {isa = PBXFileReference; fileEncoding = 4; lastKnownFileType = file.storyboard; path = MainStoryboard.storyboard; sourceTree = "<group>"; };
		85E90BDE19C94F2C008F39C0 /* camera.png */ = {isa = PBXFileReference; lastKnownFileType = image.png; name = camera.png; path = Ribbit/camera.png; sourceTree = "<group>"; };
		85E90BDF19C94F2C008F39C0 /* camera@2x.png */ = {isa = PBXFileReference; lastKnownFileType = image.png; name = "camera@2x.png"; path = "Ribbit/camera@2x.png"; sourceTree = "<group>"; };
		85E90BE019C94F2C008F39C0 /* friends.png */ = {isa = PBXFileReference; lastKnownFileType = image.png; name = friends.png; path = Ribbit/friends.png; sourceTree = "<group>"; };
		85E90BE119C94F2C008F39C0 /* friends@2x.png */ = {isa = PBXFileReference; lastKnownFileType = image.png; name = "friends@2x.png"; path = "Ribbit/friends@2x.png"; sourceTree = "<group>"; };
		85E90BE219C94F2C008F39C0 /* inbox.png */ = {isa = PBXFileReference; lastKnownFileType = image.png; name = inbox.png; path = Ribbit/inbox.png; sourceTree = "<group>"; };
		85E90BE319C94F2C008F39C0 /* inbox@2x.png */ = {isa = PBXFileReference; lastKnownFileType = image.png; name = "inbox@2x.png"; path = "Ribbit/inbox@2x.png"; sourceTree = "<group>"; };
		85E90BEB19C9879B008F39C0 /* ABInboxViewController.h */ = {isa = PBXFileReference; fileEncoding = 4; lastKnownFileType = sourcecode.c.h; name = ABInboxViewController.h; path = ../ABInboxViewController.h; sourceTree = "<group>"; };
		85E90BEC19C9879B008F39C0 /* ABInboxViewController.m */ = {isa = PBXFileReference; fileEncoding = 4; lastKnownFileType = sourcecode.c.objc; name = ABInboxViewController.m; path = ../ABInboxViewController.m; sourceTree = "<group>"; };
		85E90BEF19C9EB89008F39C0 /* Bolts.framework */ = {isa = PBXFileReference; lastKnownFileType = wrapper.framework; name = Bolts.framework; path = "parse-library-1.3.0/Bolts.framework"; sourceTree = "<group>"; };
		85E90BF019C9EB89008F39C0 /* Parse.framework */ = {isa = PBXFileReference; lastKnownFileType = wrapper.framework; name = Parse.framework; path = "parse-library-1.3.0/Parse.framework"; sourceTree = "<group>"; };
		85E90BF119C9EB89008F39C0 /* ParseFacebookUtils.framework */ = {isa = PBXFileReference; lastKnownFileType = wrapper.framework; name = ParseFacebookUtils.framework; path = "parse-library-1.3.0/ParseFacebookUtils.framework"; sourceTree = "<group>"; };
		85E90BF519C9EC32008F39C0 /* AudioToolbox.framework */ = {isa = PBXFileReference; lastKnownFileType = wrapper.framework; name = AudioToolbox.framework; path = System/Library/Frameworks/AudioToolbox.framework; sourceTree = SDKROOT; };
		85E90BF719C9EC3A008F39C0 /* CFNetwork.framework */ = {isa = PBXFileReference; lastKnownFileType = wrapper.framework; name = CFNetwork.framework; path = System/Library/Frameworks/CFNetwork.framework; sourceTree = SDKROOT; };
		85E90BF919C9EC4B008F39C0 /* CoreLocation.framework */ = {isa = PBXFileReference; lastKnownFileType = wrapper.framework; name = CoreLocation.framework; path = System/Library/Frameworks/CoreLocation.framework; sourceTree = SDKROOT; };
		85E90BFB19C9EC56008F39C0 /* libz.dylib */ = {isa = PBXFileReference; lastKnownFileType = "compiled.mach-o.dylib"; name = libz.dylib; path = usr/lib/libz.dylib; sourceTree = SDKROOT; };
		85E90BFD19C9EC5F008F39C0 /* MobileCoreServices.framework */ = {isa = PBXFileReference; lastKnownFileType = wrapper.framework; name = MobileCoreServices.framework; path = System/Library/Frameworks/MobileCoreServices.framework; sourceTree = SDKROOT; };
		85E90BFF19C9EC68008F39C0 /* QuartzCore.framework */ = {isa = PBXFileReference; lastKnownFileType = wrapper.framework; name = QuartzCore.framework; path = System/Library/Frameworks/QuartzCore.framework; sourceTree = SDKROOT; };
		85E90C0119C9EC70008F39C0 /* Security.framework */ = {isa = PBXFileReference; lastKnownFileType = wrapper.framework; name = Security.framework; path = System/Library/Frameworks/Security.framework; sourceTree = SDKROOT; };
		85E90C0519C9EC8E008F39C0 /* SystemConfiguration.framework */ = {isa = PBXFileReference; lastKnownFileType = wrapper.framework; name = SystemConfiguration.framework; path = System/Library/Frameworks/SystemConfiguration.framework; sourceTree = SDKROOT; };
		85E90C0D19C9F5E8008F39C0 /* ABLoginViewController.h */ = {isa = PBXFileReference; fileEncoding = 4; lastKnownFileType = sourcecode.c.h; name = ABLoginViewController.h; path = ../ABLoginViewController.h; sourceTree = "<group>"; };
		85E90C0E19C9F5E8008F39C0 /* ABLoginViewController.m */ = {isa = PBXFileReference; fileEncoding = 4; lastKnownFileType = sourcecode.c.objc; name = ABLoginViewController.m; path = ../ABLoginViewController.m; sourceTree = "<group>"; };
		85E90C1019C9F5F5008F39C0 /* ABSignupViewController.h */ = {isa = PBXFileReference; fileEncoding = 4; lastKnownFileType = sourcecode.c.h; name = ABSignupViewController.h; path = ../ABSignupViewController.h; sourceTree = "<group>"; };
		85E90C1119C9F5F5008F39C0 /* ABSignupViewController.m */ = {isa = PBXFileReference; fileEncoding = 4; lastKnownFileType = sourcecode.c.objc; name = ABSignupViewController.m; path = ../ABSignupViewController.m; sourceTree = "<group>"; };
/* End PBXFileReference section */

/* Begin PBXFrameworksBuildPhase section */
		85E90BA719C8F249008F39C0 /* Frameworks */ = {
			isa = PBXFrameworksBuildPhase;
			buildActionMask = 2147483647;
			files = (
				85CE376719E524AA0044E5EC /* MediaPlayer.framework in Frameworks */,
				85E90C0619C9EC8E008F39C0 /* SystemConfiguration.framework in Frameworks */,
				85E90C0219C9EC70008F39C0 /* Security.framework in Frameworks */,
				85E90C0019C9EC68008F39C0 /* QuartzCore.framework in Frameworks */,
				85E90BFE19C9EC5F008F39C0 /* MobileCoreServices.framework in Frameworks */,
				85E90BFC19C9EC56008F39C0 /* libz.dylib in Frameworks */,
				85E90BFA19C9EC4B008F39C0 /* CoreLocation.framework in Frameworks */,
				85E90BB019C8F249008F39C0 /* CoreGraphics.framework in Frameworks */,
				85E90BF819C9EC3A008F39C0 /* CFNetwork.framework in Frameworks */,
				85E90BF619C9EC32008F39C0 /* AudioToolbox.framework in Frameworks */,
				85E90BB219C8F249008F39C0 /* UIKit.framework in Frameworks */,
				85E90BF419C9EB8A008F39C0 /* ParseFacebookUtils.framework in Frameworks */,
				85E90BAE19C8F249008F39C0 /* Foundation.framework in Frameworks */,
				85E90BF219C9EB89008F39C0 /* Bolts.framework in Frameworks */,
				85E90BF319C9EB8A008F39C0 /* Parse.framework in Frameworks */,
			);
			runOnlyForDeploymentPostprocessing = 0;
		};
		85E90BC219C8F249008F39C0 /* Frameworks */ = {
			isa = PBXFrameworksBuildPhase;
			buildActionMask = 2147483647;
			files = (
				85E90BC719C8F249008F39C0 /* XCTest.framework in Frameworks */,
				85E90BC919C8F249008F39C0 /* UIKit.framework in Frameworks */,
				85E90BC819C8F249008F39C0 /* Foundation.framework in Frameworks */,
			);
			runOnlyForDeploymentPostprocessing = 0;
		};
/* End PBXFrameworksBuildPhase section */

/* Begin PBXGroup section */
		85E90BA119C8F249008F39C0 = {
			isa = PBXGroup;
			children = (
				85E90BDC19C8F27F008F39C0 /* MainStoryboard.storyboard */,
				85E90BEA19C94F38008F39C0 /* Images */,
				85E90BB319C8F249008F39C0 /* Ribbit */,
				85E90BCC19C8F249008F39C0 /* RibbitTests */,
				85E90BAC19C8F249008F39C0 /* Frameworks */,
				85E90BAB19C8F249008F39C0 /* Products */,
			);
			sourceTree = "<group>";
		};
		85E90BAB19C8F249008F39C0 /* Products */ = {
			isa = PBXGroup;
			children = (
				85E90BAA19C8F249008F39C0 /* Ribbit.app */,
				85E90BC519C8F249008F39C0 /* RibbitTests.xctest */,
			);
			name = Products;
			sourceTree = "<group>";
		};
		85E90BAC19C8F249008F39C0 /* Frameworks */ = {
			isa = PBXGroup;
			children = (
				85CE376619E524AA0044E5EC /* MediaPlayer.framework */,
				85E90C0519C9EC8E008F39C0 /* SystemConfiguration.framework */,
				85E90C0119C9EC70008F39C0 /* Security.framework */,
				85E90BFF19C9EC68008F39C0 /* QuartzCore.framework */,
				85E90BFD19C9EC5F008F39C0 /* MobileCoreServices.framework */,
				85E90BFB19C9EC56008F39C0 /* libz.dylib */,
				85E90BF919C9EC4B008F39C0 /* CoreLocation.framework */,
				85E90BF719C9EC3A008F39C0 /* CFNetwork.framework */,
				85E90BF519C9EC32008F39C0 /* AudioToolbox.framework */,
				85E90BEF19C9EB89008F39C0 /* Bolts.framework */,
				85E90BF019C9EB89008F39C0 /* Parse.framework */,
				85E90BF119C9EB89008F39C0 /* ParseFacebookUtils.framework */,
				85E90BAD19C8F249008F39C0 /* Foundation.framework */,
				85E90BAF19C8F249008F39C0 /* CoreGraphics.framework */,
				85E90BB119C8F249008F39C0 /* UIKit.framework */,
				85E90BC619C8F249008F39C0 /* XCTest.framework */,
			);
			name = Frameworks;
			sourceTree = "<group>";
		};
		85E90BB319C8F249008F39C0 /* Ribbit */ = {
			isa = PBXGroup;
			children = (
				85E90BBC19C8F249008F39C0 /* ABAppDelegate.h */,
				85E90BBD19C8F249008F39C0 /* ABAppDelegate.m */,
				8525C2FC19E3441A0011639A /* ABCameraViewController.h */,
				8525C2FD19E3441A0011639A /* ABCameraViewController.m */,
				85ABE93D19D7B3A9004DBA29 /* ABEditFriendsTableViewController.h */,
				85ABE93E19D7B3A9004DBA29 /* ABEditFriendsTableViewController.m */,
				8517259719DA564600F2A2B4 /* ABFriendsViewController.h */,
				8517259819DA564600F2A2B4 /* ABFriendsViewController.m */,
				85CE376319E4E9FE0044E5EC /* ABImageViewController.h */,
				85CE376419E4E9FE0044E5EC /* ABImageViewController.m */,
				85E90BEB19C9879B008F39C0 /* ABInboxViewController.h */,
				85E90BEC19C9879B008F39C0 /* ABInboxViewController.m */,
				85E90C0D19C9F5E8008F39C0 /* ABLoginViewController.h */,
				85E90C0E19C9F5E8008F39C0 /* ABLoginViewController.m */,
				85E90C1019C9F5F5008F39C0 /* ABSignupViewController.h */,
				85E90C1119C9F5F5008F39C0 /* ABSignupViewController.m */,
				85E90BBF19C8F249008F39C0 /* Images.xcassets */,
				85E90BB419C8F249008F39C0 /* Supporting Files */,
			);
			path = Ribbit;
			sourceTree = "<group>";
		};
		85E90BB419C8F249008F39C0 /* Supporting Files */ = {
			isa = PBXGroup;
			children = (
				85E90BB519C8F249008F39C0 /* Ribbit-Info.plist */,
				85E90BB619C8F249008F39C0 /* InfoPlist.strings */,
				85E90BB919C8F249008F39C0 /* main.m */,
				85E90BBB19C8F249008F39C0 /* Ribbit-Prefix.pch */,
			);
			name = "Supporting Files";
			sourceTree = "<group>";
		};
		85E90BCC19C8F249008F39C0 /* RibbitTests */ = {
			isa = PBXGroup;
			children = (
				85E90BD219C8F249008F39C0 /* RibbitTests.m */,
				85E90BCD19C8F249008F39C0 /* Supporting Files */,
			);
			path = RibbitTests;
			sourceTree = "<group>";
		};
		85E90BCD19C8F249008F39C0 /* Supporting Files */ = {
			isa = PBXGroup;
			children = (
				85E90BCE19C8F249008F39C0 /* RibbitTests-Info.plist */,
				85E90BCF19C8F249008F39C0 /* InfoPlist.strings */,
			);
			name = "Supporting Files";
			sourceTree = "<group>";
		};
		85E90BEA19C94F38008F39C0 /* Images */ = {
			isa = PBXGroup;
			children = (
				85E90BDE19C94F2C008F39C0 /* camera.png */,
				85E90BDF19C94F2C008F39C0 /* camera@2x.png */,
				85E90BE019C94F2C008F39C0 /* friends.png */,
				85E90BE119C94F2C008F39C0 /* friends@2x.png */,
				85E90BE219C94F2C008F39C0 /* inbox.png */,
				85E90BE319C94F2C008F39C0 /* inbox@2x.png */,
			);
			name = Images;
			sourceTree = "<group>";
		};
/* End PBXGroup section */

/* Begin PBXNativeTarget section */
		85E90BA919C8F249008F39C0 /* Ribbit */ = {
			isa = PBXNativeTarget;
			buildConfigurationList = 85E90BD619C8F249008F39C0 /* Build configuration list for PBXNativeTarget "Ribbit" */;
			buildPhases = (
				85E90BA619C8F249008F39C0 /* Sources */,
				85E90BA719C8F249008F39C0 /* Frameworks */,
				85E90BA819C8F249008F39C0 /* Resources */,
			);
			buildRules = (
			);
			dependencies = (
			);
			name = Ribbit;
			productName = Ribbit;
			productReference = 85E90BAA19C8F249008F39C0 /* Ribbit.app */;
			productType = "com.apple.product-type.application";
		};
		85E90BC419C8F249008F39C0 /* RibbitTests */ = {
			isa = PBXNativeTarget;
			buildConfigurationList = 85E90BD919C8F249008F39C0 /* Build configuration list for PBXNativeTarget "RibbitTests" */;
			buildPhases = (
				85E90BC119C8F249008F39C0 /* Sources */,
				85E90BC219C8F249008F39C0 /* Frameworks */,
				85E90BC319C8F249008F39C0 /* Resources */,
			);
			buildRules = (
			);
			dependencies = (
				85E90BCB19C8F249008F39C0 /* PBXTargetDependency */,
			);
			name = RibbitTests;
			productName = RibbitTests;
			productReference = 85E90BC519C8F249008F39C0 /* RibbitTests.xctest */;
			productType = "com.apple.product-type.bundle.unit-test";
		};
/* End PBXNativeTarget section */

/* Begin PBXProject section */
		85E90BA219C8F249008F39C0 /* Project object */ = {
			isa = PBXProject;
			attributes = {
				CLASSPREFIX = AB;
				LastUpgradeCheck = 0510;
				ORGANIZATIONNAME = "Asteroid Blues";
				TargetAttributes = {
					85E90BA919C8F249008F39C0 = {
						DevelopmentTeam = 7JPV3NX8Z6;
						SystemCapabilities = {
							com.apple.InAppPurchase = {
								enabled = 0;
							};
						};
					};
					85E90BC419C8F249008F39C0 = {
						TestTargetID = 85E90BA919C8F249008F39C0;
					};
				};
			};
			buildConfigurationList = 85E90BA519C8F249008F39C0 /* Build configuration list for PBXProject "Ribbit" */;
			compatibilityVersion = "Xcode 3.2";
			developmentRegion = English;
			hasScannedForEncodings = 0;
			knownRegions = (
				en,
			);
			mainGroup = 85E90BA119C8F249008F39C0;
			productRefGroup = 85E90BAB19C8F249008F39C0 /* Products */;
			projectDirPath = "";
			projectRoot = "";
			targets = (
				85E90BA919C8F249008F39C0 /* Ribbit */,
				85E90BC419C8F249008F39C0 /* RibbitTests */,
			);
		};
/* End PBXProject section */

/* Begin PBXResourcesBuildPhase section */
		85E90BA819C8F249008F39C0 /* Resources */ = {
			isa = PBXResourcesBuildPhase;
			buildActionMask = 2147483647;
			files = (
				85E90BDD19C8F27F008F39C0 /* MainStoryboard.storyboard in Resources */,
				85E90BE619C94F2C008F39C0 /* friends.png in Resources */,
				85E90BE719C94F2C008F39C0 /* friends@2x.png in Resources */,
				85E90BE519C94F2C008F39C0 /* camera@2x.png in Resources */,
				85E90BE819C94F2C008F39C0 /* inbox.png in Resources */,
				85E90BB819C8F249008F39C0 /* InfoPlist.strings in Resources */,
				85E90BE419C94F2C008F39C0 /* camera.png in Resources */,
				85E90BC019C8F249008F39C0 /* Images.xcassets in Resources */,
				85E90BE919C94F2C008F39C0 /* inbox@2x.png in Resources */,
			);
			runOnlyForDeploymentPostprocessing = 0;
		};
		85E90BC319C8F249008F39C0 /* Resources */ = {
			isa = PBXResourcesBuildPhase;
			buildActionMask = 2147483647;
			files = (
				85E90BD119C8F249008F39C0 /* InfoPlist.strings in Resources */,
			);
			runOnlyForDeploymentPostprocessing = 0;
		};
/* End PBXResourcesBuildPhase section */

/* Begin PBXSourcesBuildPhase section */
		85E90BA619C8F249008F39C0 /* Sources */ = {
			isa = PBXSourcesBuildPhase;
			buildActionMask = 2147483647;
			files = (
				8517259919DA564600F2A2B4 /* ABFriendsViewController.m in Sources */,
				85E90BBA19C8F249008F39C0 /* main.m in Sources */,
				85E90C0F19C9F5E8008F39C0 /* ABLoginViewController.m in Sources */,
				85E90BED19C9879B008F39C0 /* ABInboxViewController.m in Sources */,
				85E90C1219C9F5F5008F39C0 /* ABSignupViewController.m in Sources */,
				85ABE93F19D7B3A9004DBA29 /* ABEditFriendsTableViewController.m in Sources */,
				8525C2FE19E3441A0011639A /* ABCameraViewController.m in Sources */,
				85CE376519E4E9FE0044E5EC /* ABImageViewController.m in Sources */,
				85E90BBE19C8F249008F39C0 /* ABAppDelegate.m in Sources */,
			);
			runOnlyForDeploymentPostprocessing = 0;
		};
		85E90BC119C8F249008F39C0 /* Sources */ = {
			isa = PBXSourcesBuildPhase;
			buildActionMask = 2147483647;
			files = (
				85E90BD319C8F249008F39C0 /* RibbitTests.m in Sources */,
			);
			runOnlyForDeploymentPostprocessing = 0;
		};
/* End PBXSourcesBuildPhase section */

/* Begin PBXTargetDependency section */
		85E90BCB19C8F249008F39C0 /* PBXTargetDependency */ = {
			isa = PBXTargetDependency;
			target = 85E90BA919C8F249008F39C0 /* Ribbit */;
			targetProxy = 85E90BCA19C8F249008F39C0 /* PBXContainerItemProxy */;
		};
/* End PBXTargetDependency section */

/* Begin PBXVariantGroup section */
		85E90BB619C8F249008F39C0 /* InfoPlist.strings */ = {
			isa = PBXVariantGroup;
			children = (
				85E90BB719C8F249008F39C0 /* en */,
			);
			name = InfoPlist.strings;
			sourceTree = "<group>";
		};
		85E90BCF19C8F249008F39C0 /* InfoPlist.strings */ = {
			isa = PBXVariantGroup;
			children = (
				85E90BD019C8F249008F39C0 /* en */,
			);
			name = InfoPlist.strings;
			sourceTree = "<group>";
		};
/* End PBXVariantGroup section */

/* Begin XCBuildConfiguration section */
		85E90BD419C8F249008F39C0 /* Debug */ = {
			isa = XCBuildConfiguration;
			buildSettings = {
				ALWAYS_SEARCH_USER_PATHS = NO;
				CLANG_CXX_LANGUAGE_STANDARD = "gnu++0x";
				CLANG_CXX_LIBRARY = "libc++";
				CLANG_ENABLE_MODULES = YES;
				CLANG_ENABLE_OBJC_ARC = YES;
				CLANG_WARN_BOOL_CONVERSION = YES;
				CLANG_WARN_CONSTANT_CONVERSION = YES;
				CLANG_WARN_DIRECT_OBJC_ISA_USAGE = YES_ERROR;
				CLANG_WARN_EMPTY_BODY = YES;
				CLANG_WARN_ENUM_CONVERSION = YES;
				CLANG_WARN_INT_CONVERSION = YES;
				CLANG_WARN_OBJC_ROOT_CLASS = YES_ERROR;
				CLANG_WARN__DUPLICATE_METHOD_MATCH = YES;
				"CODE_SIGN_IDENTITY[sdk=iphoneos*]" = "iPhone Developer";
				COPY_PHASE_STRIP = NO;
				GCC_C_LANGUAGE_STANDARD = gnu99;
				GCC_DYNAMIC_NO_PIC = NO;
				GCC_OPTIMIZATION_LEVEL = 0;
				GCC_PREPROCESSOR_DEFINITIONS = (
					"DEBUG=1",
					"$(inherited)",
				);
				GCC_SYMBOLS_PRIVATE_EXTERN = NO;
				GCC_WARN_64_TO_32_BIT_CONVERSION = YES;
				GCC_WARN_ABOUT_RETURN_TYPE = YES_ERROR;
				GCC_WARN_UNDECLARED_SELECTOR = YES;
				GCC_WARN_UNINITIALIZED_AUTOS = YES_AGGRESSIVE;
				GCC_WARN_UNUSED_FUNCTION = YES;
				GCC_WARN_UNUSED_VARIABLE = YES;
				IPHONEOS_DEPLOYMENT_TARGET = 7.0;
				ONLY_ACTIVE_ARCH = YES;
				SDKROOT = iphoneos;
			};
			name = Debug;
		};
		85E90BD519C8F249008F39C0 /* Release */ = {
			isa = XCBuildConfiguration;
			buildSettings = {
				ALWAYS_SEARCH_USER_PATHS = NO;
				CLANG_CXX_LANGUAGE_STANDARD = "gnu++0x";
				CLANG_CXX_LIBRARY = "libc++";
				CLANG_ENABLE_MODULES = YES;
				CLANG_ENABLE_OBJC_ARC = YES;
				CLANG_WARN_BOOL_CONVERSION = YES;
				CLANG_WARN_CONSTANT_CONVERSION = YES;
				CLANG_WARN_DIRECT_OBJC_ISA_USAGE = YES_ERROR;
				CLANG_WARN_EMPTY_BODY = YES;
				CLANG_WARN_ENUM_CONVERSION = YES;
				CLANG_WARN_INT_CONVERSION = YES;
				CLANG_WARN_OBJC_ROOT_CLASS = YES_ERROR;
				CLANG_WARN__DUPLICATE_METHOD_MATCH = YES;
				"CODE_SIGN_IDENTITY[sdk=iphoneos*]" = "iPhone Developer";
				COPY_PHASE_STRIP = YES;
				ENABLE_NS_ASSERTIONS = NO;
				GCC_C_LANGUAGE_STANDARD = gnu99;
				GCC_WARN_64_TO_32_BIT_CONVERSION = YES;
				GCC_WARN_ABOUT_RETURN_TYPE = YES_ERROR;
				GCC_WARN_UNDECLARED_SELECTOR = YES;
				GCC_WARN_UNINITIALIZED_AUTOS = YES_AGGRESSIVE;
				GCC_WARN_UNUSED_FUNCTION = YES;
				GCC_WARN_UNUSED_VARIABLE = YES;
				IPHONEOS_DEPLOYMENT_TARGET = 7.0;
				SDKROOT = iphoneos;
				VALIDATE_PRODUCT = YES;
			};
			name = Release;
		};
		85E90BD719C8F249008F39C0 /* Debug */ = {
			isa = XCBuildConfiguration;
			buildSettings = {
				ASSETCATALOG_COMPILER_APPICON_NAME = AppIcon;
				ASSETCATALOG_COMPILER_LAUNCHIMAGE_NAME = LaunchImage;
				CODE_SIGN_IDENTITY = "iPhone Developer";
				"CODE_SIGN_IDENTITY[sdk=iphoneos*]" = "iPhone Developer";
				FRAMEWORK_SEARCH_PATHS = (
					"$(inherited)",
					"$(PROJECT_DIR)/parse-library-1.3.0",
				);
				GCC_PRECOMPILE_PREFIX_HEADER = YES;
				GCC_PREFIX_HEADER = "Ribbit/Ribbit-Prefix.pch";
				INFOPLIST_FILE = "Ribbit/Ribbit-Info.plist";
				IPHONEOS_DEPLOYMENT_TARGET = 7.1;
				PRODUCT_NAME = "$(TARGET_NAME)";
				PROVISIONING_PROFILE = "";
				WRAPPER_EXTENSION = app;
			};
			name = Debug;
		};
		85E90BD819C8F249008F39C0 /* Release */ = {
			isa = XCBuildConfiguration;
			buildSettings = {
				ASSETCATALOG_COMPILER_APPICON_NAME = AppIcon;
				ASSETCATALOG_COMPILER_LAUNCHIMAGE_NAME = LaunchImage;
				CODE_SIGN_IDENTITY = "iPhone Developer";
				"CODE_SIGN_IDENTITY[sdk=iphoneos*]" = "iPhone Developer";
				FRAMEWORK_SEARCH_PATHS = (
					"$(inherited)",
					"$(PROJECT_DIR)/parse-library-1.3.0",
				);
				GCC_PRECOMPILE_PREFIX_HEADER = YES;
				GCC_PREFIX_HEADER = "Ribbit/Ribbit-Prefix.pch";
				INFOPLIST_FILE = "Ribbit/Ribbit-Info.plist";
				IPHONEOS_DEPLOYMENT_TARGET = 7.1;
				PRODUCT_NAME = "$(TARGET_NAME)";
				PROVISIONING_PROFILE = "";
				WRAPPER_EXTENSION = app;
			};
			name = Release;
		};
		85E90BDA19C8F249008F39C0 /* Debug */ = {
			isa = XCBuildConfiguration;
			buildSettings = {
				BUNDLE_LOADER = "$(BUILT_PRODUCTS_DIR)/Ribbit.app/Ribbit";
				FRAMEWORK_SEARCH_PATHS = (
					"$(SDKROOT)/Developer/Library/Frameworks",
					"$(inherited)",
					"$(DEVELOPER_FRAMEWORKS_DIR)",
				);
				GCC_PRECOMPILE_PREFIX_HEADER = YES;
				GCC_PREFIX_HEADER = "Ribbit/Ribbit-Prefix.pch";
				GCC_PREPROCESSOR_DEFINITIONS = (
					"DEBUG=1",
					"$(inherited)",
				);
				INFOPLIST_FILE = "RibbitTests/RibbitTests-Info.plist";
				PRODUCT_NAME = "$(TARGET_NAME)";
				TEST_HOST = "$(BUNDLE_LOADER)";
				WRAPPER_EXTENSION = xctest;
			};
			name = Debug;
		};
		85E90BDB19C8F249008F39C0 /* Release */ = {
			isa = XCBuildConfiguration;
			buildSettings = {
				BUNDLE_LOADER = "$(BUILT_PRODUCTS_DIR)/Ribbit.app/Ribbit";
				FRAMEWORK_SEARCH_PATHS = (
					"$(SDKROOT)/Developer/Library/Frameworks",
					"$(inherited)",
					"$(DEVELOPER_FRAMEWORKS_DIR)",
				);
				GCC_PRECOMPILE_PREFIX_HEADER = YES;
				GCC_PREFIX_HEADER = "Ribbit/Ribbit-Prefix.pch";
				INFOPLIST_FILE = "RibbitTests/RibbitTests-Info.plist";
				PRODUCT_NAME = "$(TARGET_NAME)";
				TEST_HOST = "$(BUNDLE_LOADER)";
				WRAPPER_EXTENSION = xctest;
			};
			name = Release;
		};
/* End XCBuildConfiguration section */

/* Begin XCConfigurationList section */
		85E90BA519C8F249008F39C0 /* Build configuration list for PBXProject "Ribbit" */ = {
			isa = XCConfigurationList;
			buildConfigurations = (
				85E90BD419C8F249008F39C0 /* Debug */,
				85E90BD519C8F249008F39C0 /* Release */,
			);
			defaultConfigurationIsVisible = 0;
			defaultConfigurationName = Release;
		};
		85E90BD619C8F249008F39C0 /* Build configuration list for PBXNativeTarget "Ribbit" */ = {
			isa = XCConfigurationList;
			buildConfigurations = (
				85E90BD719C8F249008F39C0 /* Debug */,
				85E90BD819C8F249008F39C0 /* Release */,
			);
			defaultConfigurationIsVisible = 0;
			defaultConfigurationName = Release;
		};
		85E90BD919C8F249008F39C0 /* Build configuration list for PBXNativeTarget "RibbitTests" */ = {
			isa = XCConfigurationList;
			buildConfigurations = (
				85E90BDA19C8F249008F39C0 /* Debug */,
				85E90BDB19C8F249008F39C0 /* Release */,
			);
			defaultConfigurationIsVisible = 0;
			defaultConfigurationName = Release;
		};
/* End XCConfigurationList section */
	};
	rootObject = 85E90BA219C8F249008F39C0 /* Project object */;
}
